
Microsoft Visual Studio Solution File, Format Version 12.00
# Visual Studio Version 17
VisualStudioVersion = 17.0.31903.59
MinimumVisualStudioVersion = 10.0.40219.1
Project("{FAE04EC0-301F-11D3-BF4B-00C04F79EFBC}") = "WindowsFormsApp4", "WindowsFormsApp4\WindowsFormsApp4.csproj", "{1831D6DE-BEB1-4BCE-8A04-BC44C924615A}"
EndProject
Global
	GlobalSection(SolutionConfigurationPlatforms) = preSolution
		Debug|Any CPU = Debug|Any CPU
		Release|Any CPU = Release|Any CPU
	EndGlobalSection
	GlobalSection(ProjectConfigurationPlatforms) = postSolution
		{1831D6DE-BEB1-4BCE-8A04-BC44C924615A}.Debug|Any CPU.ActiveCfg = Debug|Any CPU
		{1831D6DE-BEB1-4BCE-8A04-BC44C924615A}.Debug|Any CPU.Build.0 = Debug|Any CPU
		{1831D6DE-BEB1-4BCE-8A04-BC44C924615A}.Release|Any CPU.ActiveCfg = Release|Any CPU
		{1831D6DE-BEB1-4BCE-8A04-BC44C924615A}.Release|Any CPU.Build.0 = Release|Any CPU
	EndGlobalSection
	GlobalSection(SolutionProperties) = preSolution
		HideSolutionNode = FALSE
	EndGlobalSection
	GlobalSection(ExtensibilityGlobals) = postSolution
		SolutionGuid = {297A1CCF-9A48-4D51-AFBA-AFE9E67E8A66}
	EndGlobalSection
EndGlobal
